
Microsoft Visual Studio Solution File, Format Version 12.00
# Visual Studio Version 17
VisualStudioVersion = 17.5.002.0
MinimumVisualStudioVersion = 10.0.40219.1
Project("{9A19103F-16F7-4668-BE54-9A1E7A4F7556}") = "Application", "Application\Application.csproj", "{D455844C-D303-4486-B42E-E196BBB711AB}"
EndProject
Project("{9A19103F-16F7-4668-BE54-9A1E7A4F7556}") = "Domain", "Domain\Domain.csproj", "{28C0D918-0F3F-44F1-ABC6-A7DC6C296617}"
EndProject
Project("{9A19103F-16F7-4668-BE54-9A1E7A4F7556}") = "infrastructure", "infrastructure\infrastructure.csproj", "{B2AEC675-BCA1-41A9-95DE-5BBAB82665B4}"
EndProject
Project("{9A19103F-16F7-4668-BE54-9A1E7A4F7556}") = "presentation", "presentation\presentation.csproj", "{7C9B3F0A-7074-426E-B878-127EEB375001}"
EndProject
Global
	GlobalSection(SolutionConfigurationPlatforms) = preSolution
		Debug|Any CPU = Debug|Any CPU
		Release|Any CPU = Release|Any CPU
	EndGlobalSection
	GlobalSection(ProjectConfigurationPlatforms) = postSolution
		{D455844C-D303-4486-B42E-E196BBB711AB}.Debug|Any CPU.ActiveCfg = Debug|Any CPU
		{D455844C-D303-4486-B42E-E196BBB711AB}.Debug|Any CPU.Build.0 = Debug|Any CPU
		{D455844C-D303-4486-B42E-E196BBB711AB}.Release|Any CPU.ActiveCfg = Release|Any CPU
		{D455844C-D303-4486-B42E-E196BBB711AB}.Release|Any CPU.Build.0 = Release|Any CPU
		{28C0D918-0F3F-44F1-ABC6-A7DC6C296617}.Debug|Any CPU.ActiveCfg = Debug|Any CPU
		{28C0D918-0F3F-44F1-ABC6-A7DC6C296617}.Debug|Any CPU.Build.0 = Debug|Any CPU
		{28C0D918-0F3F-44F1-ABC6-A7DC6C296617}.Release|Any CPU.ActiveCfg = Release|Any CPU
		{28C0D918-0F3F-44F1-ABC6-A7DC6C296617}.Release|Any CPU.Build.0 = Release|Any CPU
		{B2AEC675-BCA1-41A9-95DE-5BBAB82665B4}.Debug|Any CPU.ActiveCfg = Debug|Any CPU
		{B2AEC675-BCA1-41A9-95DE-5BBAB82665B4}.Debug|Any CPU.Build.0 = Debug|Any CPU
		{B2AEC675-BCA1-41A9-95DE-5BBAB82665B4}.Release|Any CPU.ActiveCfg = Release|Any CPU
		{B2AEC675-BCA1-41A9-95DE-5BBAB82665B4}.Release|Any CPU.Build.0 = Release|Any CPU
		{7C9B3F0A-7074-426E-B878-127EEB375001}.Debug|Any CPU.ActiveCfg = Debug|Any CPU
		{7C9B3F0A-7074-426E-B878-127EEB375001}.Debug|Any CPU.Build.0 = Debug|Any CPU
		{7C9B3F0A-7074-426E-B878-127EEB375001}.Release|Any CPU.ActiveCfg = Release|Any CPU
		{7C9B3F0A-7074-426E-B878-127EEB375001}.Release|Any CPU.Build.0 = Release|Any CPU
	EndGlobalSection
	GlobalSection(SolutionProperties) = preSolution
		HideSolutionNode = FALSE
	EndGlobalSection
	GlobalSection(ExtensibilityGlobals) = postSolution
		SolutionGuid = {AC70CE2B-3B6C-4430-B4E6-A5BA444741DF}
	EndGlobalSection
EndGlobal
